// !$*UTF8*$!
{
	archiveVersion = 1;
	classes = {
	};
	objectVersion = 56;
	objects = {

/* Begin PBXBuildFile section */
		0F1560642AB3413700404083 /* SkillBuildingApp.swift in Sources */ = {isa = PBXBuildFile; fileRef = 0F1560632AB3413700404083 /* SkillBuildingApp.swift */; };
		0F1560662AB3413700404083 /* TimestampsContentView.swift in Sources */ = {isa = PBXBuildFile; fileRef = 0F1560652AB3413700404083 /* TimestampsContentView.swift */; };
		0F1560682AB3413700404083 /* Item.swift in Sources */ = {isa = PBXBuildFile; fileRef = 0F1560672AB3413700404083 /* Item.swift */; };
		0F15606A2AB3413900404083 /* Assets.xcassets in Resources */ = {isa = PBXBuildFile; fileRef = 0F1560692AB3413900404083 /* Assets.xcassets */; };
		0F15606E2AB3413900404083 /* Preview Assets.xcassets in Resources */ = {isa = PBXBuildFile; fileRef = 0F15606D2AB3413900404083 /* Preview Assets.xcassets */; };
		0F1560792AB3413900404083 /* SkillBuildingTests.swift in Sources */ = {isa = PBXBuildFile; fileRef = 0F1560782AB3413900404083 /* SkillBuildingTests.swift */; };
		0F1560832AB3413900404083 /* SkillBuildingUITests.swift in Sources */ = {isa = PBXBuildFile; fileRef = 0F1560822AB3413900404083 /* SkillBuildingUITests.swift */; };
		0F1560852AB3413900404083 /* SkillBuildingUITestsLaunchTests.swift in Sources */ = {isa = PBXBuildFile; fileRef = 0F1560842AB3413900404083 /* SkillBuildingUITestsLaunchTests.swift */; };
		0F4B160B2AB8D97600E137F7 /* SafariView.swift in Sources */ = {isa = PBXBuildFile; fileRef = 0F4B160A2AB8D97600E137F7 /* SafariView.swift */; };
		0F4B160F2AB8FD2C00E137F7 /* FrameworkTitleView.swift in Sources */ = {isa = PBXBuildFile; fileRef = 0F4B160E2AB8FD2C00E137F7 /* FrameworkTitleView.swift */; };
		0F4B16112AB8FD5F00E137F7 /* XDismissButton.swift in Sources */ = {isa = PBXBuildFile; fileRef = 0F4B16102AB8FD5F00E137F7 /* XDismissButton.swift */; };
		0F588B272B0265BF005CD319 /* AppetizersListViewModel.swift in Sources */ = {isa = PBXBuildFile; fileRef = 0F588B262B0265BF005CD319 /* AppetizersListViewModel.swift */; };
		0F588B2C2B0271EF005CD319 /* LoadingView.swift in Sources */ = {isa = PBXBuildFile; fileRef = 0F588B2B2B0271EF005CD319 /* LoadingView.swift */; };
		0F588B302B027D67005CD319 /* RemoteImage.swift in Sources */ = {isa = PBXBuildFile; fileRef = 0F588B2F2B027D67005CD319 /* RemoteImage.swift */; };
		0F588B372B0299F9005CD319 /* AppetizerDetailView.swift in Sources */ = {isa = PBXBuildFile; fileRef = 0F588B362B0299F9005CD319 /* AppetizerDetailView.swift */; };
		0F588B392B02B65A005CD319 /* APButton.swift in Sources */ = {isa = PBXBuildFile; fileRef = 0F588B382B02B65A005CD319 /* APButton.swift */; };
		0F588B3B2B02B6E6005CD319 /* APDismissButton.swift in Sources */ = {isa = PBXBuildFile; fileRef = 0F588B3A2B02B6E6005CD319 /* APDismissButton.swift */; };
		0F588B3D2B02B7BA005CD319 /* APCaracteristic.swift in Sources */ = {isa = PBXBuildFile; fileRef = 0F588B3C2B02B7BA005CD319 /* APCaracteristic.swift */; };
		0F7D04262ADDC8D10076E24E /* Appetizer.swift in Sources */ = {isa = PBXBuildFile; fileRef = 0F7D04252ADDC8D10076E24E /* Appetizer.swift */; };
		0F7D04282ADDCF580076E24E /* AppetizerListCell.swift in Sources */ = {isa = PBXBuildFile; fileRef = 0F7D04272ADDCF580076E24E /* AppetizerListCell.swift */; };
		0F7D042A2ADEB3590076E24E /* NetworkManager.swift in Sources */ = {isa = PBXBuildFile; fileRef = 0F7D04292ADEB3590076E24E /* NetworkManager.swift */; };
		0F81ACBA2AB3A74400C9C06F /* WeatherContentView.swift in Sources */ = {isa = PBXBuildFile; fileRef = 0F81ACB92AB3A74400C9C06F /* WeatherContentView.swift */; };
		0FCD73692AB9C8E3006E539A /* BarcodeScannerView.swift in Sources */ = {isa = PBXBuildFile; fileRef = 0FCD73682AB9C8E3006E539A /* BarcodeScannerView.swift */; };
		0FCD736B2ABA13F2006E539A /* ScannerVC.swift in Sources */ = {isa = PBXBuildFile; fileRef = 0FCD736A2ABA13F2006E539A /* ScannerVC.swift */; };
		0FCD736D2ABA1707006E539A /* ScannerView.swift in Sources */ = {isa = PBXBuildFile; fileRef = 0FCD736C2ABA1707006E539A /* ScannerView.swift */; };
		0FCD73702ABA21AE006E539A /* AlertItem.swift in Sources */ = {isa = PBXBuildFile; fileRef = 0FCD736F2ABA21AE006E539A /* AlertItem.swift */; };
		0FCD73722ABA2BC4006E539A /* BarcodeScannerViewModel.swift in Sources */ = {isa = PBXBuildFile; fileRef = 0FCD73712ABA2BC4006E539A /* BarcodeScannerViewModel.swift */; };
		0FCD73752ABA30E2006E539A /* AppetizersTabView.swift in Sources */ = {isa = PBXBuildFile; fileRef = 0FCD73742ABA30E2006E539A /* AppetizersTabView.swift */; };
		0FCD73772ABA30FE006E539A /* AppetizersListView.swift in Sources */ = {isa = PBXBuildFile; fileRef = 0FCD73762ABA30FE006E539A /* AppetizersListView.swift */; };
		0FCD73792ABA3104006E539A /* AccountView.swift in Sources */ = {isa = PBXBuildFile; fileRef = 0FCD73782ABA3104006E539A /* AccountView.swift */; };
		0FCD737B2ABA3115006E539A /* OrderView.swift in Sources */ = {isa = PBXBuildFile; fileRef = 0FCD737A2ABA3115006E539A /* OrderView.swift */; };
		0FF4D2AB2B04FF6E009F5125 /* AccountViewModel.swift in Sources */ = {isa = PBXBuildFile; fileRef = 0FF4D2AA2B04FF6E009F5125 /* AccountViewModel.swift */; };
		0FF4D2AD2B0500AD009F5125 /* String+Ext.swift in Sources */ = {isa = PBXBuildFile; fileRef = 0FF4D2AC2B0500AD009F5125 /* String+Ext.swift */; };
		0FF4D2AF2B0508AA009F5125 /* User.swift in Sources */ = {isa = PBXBuildFile; fileRef = 0FF4D2AE2B0508AA009F5125 /* User.swift */; };
		0FFC5EEB2AB5DC2A00423E51 /* Framework.swift in Sources */ = {isa = PBXBuildFile; fileRef = 0FFC5EEA2AB5DC2A00423E51 /* Framework.swift */; };
		0FFC5EED2AB5DD1C00423E51 /* FrameworkGridView.swift in Sources */ = {isa = PBXBuildFile; fileRef = 0FFC5EEC2AB5DD1C00423E51 /* FrameworkGridView.swift */; };
		0FFC5EEF2AB6014D00423E51 /* FrameworkDetailView.swift in Sources */ = {isa = PBXBuildFile; fileRef = 0FFC5EEE2AB6014D00423E51 /* FrameworkDetailView.swift */; };
		0FFC5EF12AB6031900423E51 /* AFButton.swift in Sources */ = {isa = PBXBuildFile; fileRef = 0FFC5EF02AB6031900423E51 /* AFButton.swift */; };
		0FFC5EF32AB6067C00423E51 /* FrameworkGridViewModel.swift in Sources */ = {isa = PBXBuildFile; fileRef = 0FFC5EF22AB6067C00423E51 /* FrameworkGridViewModel.swift */; };
/* End PBXBuildFile section */

/* Begin PBXContainerItemProxy section */
		0F1560752AB3413900404083 /* PBXContainerItemProxy */ = {
			isa = PBXContainerItemProxy;
			containerPortal = 0F1560582AB3413700404083 /* Project object */;
			proxyType = 1;
			remoteGlobalIDString = 0F15605F2AB3413700404083;
			remoteInfo = SkillBuilding;
		};
		0F15607F2AB3413900404083 /* PBXContainerItemProxy */ = {
			isa = PBXContainerItemProxy;
			containerPortal = 0F1560582AB3413700404083 /* Project object */;
			proxyType = 1;
			remoteGlobalIDString = 0F15605F2AB3413700404083;
			remoteInfo = SkillBuilding;
		};
/* End PBXContainerItemProxy section */

/* Begin PBXFileReference section */
		0F1560602AB3413700404083 /* SkillBuilding.app */ = {isa = PBXFileReference; explicitFileType = wrapper.application; includeInIndex = 0; path = SkillBuilding.app; sourceTree = BUILT_PRODUCTS_DIR; };
		0F1560632AB3413700404083 /* SkillBuildingApp.swift */ = {isa = PBXFileReference; lastKnownFileType = sourcecode.swift; path = SkillBuildingApp.swift; sourceTree = "<group>"; };
		0F1560652AB3413700404083 /* TimestampsContentView.swift */ = {isa = PBXFileReference; lastKnownFileType = sourcecode.swift; path = TimestampsContentView.swift; sourceTree = "<group>"; };
		0F1560672AB3413700404083 /* Item.swift */ = {isa = PBXFileReference; lastKnownFileType = sourcecode.swift; path = Item.swift; sourceTree = "<group>"; };
		0F1560692AB3413900404083 /* Assets.xcassets */ = {isa = PBXFileReference; lastKnownFileType = folder.assetcatalog; path = Assets.xcassets; sourceTree = "<group>"; };
		0F15606B2AB3413900404083 /* SkillBuilding.entitlements */ = {isa = PBXFileReference; lastKnownFileType = text.plist.entitlements; path = SkillBuilding.entitlements; sourceTree = "<group>"; };
		0F15606D2AB3413900404083 /* Preview Assets.xcassets */ = {isa = PBXFileReference; lastKnownFileType = folder.assetcatalog; path = "Preview Assets.xcassets"; sourceTree = "<group>"; };
		0F15606F2AB3413900404083 /* Info.plist */ = {isa = PBXFileReference; lastKnownFileType = text.plist.xml; path = Info.plist; sourceTree = "<group>"; };
		0F1560742AB3413900404083 /* SkillBuildingTests.xctest */ = {isa = PBXFileReference; explicitFileType = wrapper.cfbundle; includeInIndex = 0; path = SkillBuildingTests.xctest; sourceTree = BUILT_PRODUCTS_DIR; };
		0F1560782AB3413900404083 /* SkillBuildingTests.swift */ = {isa = PBXFileReference; lastKnownFileType = sourcecode.swift; path = SkillBuildingTests.swift; sourceTree = "<group>"; };
		0F15607E2AB3413900404083 /* SkillBuildingUITests.xctest */ = {isa = PBXFileReference; explicitFileType = wrapper.cfbundle; includeInIndex = 0; path = SkillBuildingUITests.xctest; sourceTree = BUILT_PRODUCTS_DIR; };
		0F1560822AB3413900404083 /* SkillBuildingUITests.swift */ = {isa = PBXFileReference; lastKnownFileType = sourcecode.swift; path = SkillBuildingUITests.swift; sourceTree = "<group>"; };
		0F1560842AB3413900404083 /* SkillBuildingUITestsLaunchTests.swift */ = {isa = PBXFileReference; lastKnownFileType = sourcecode.swift; path = SkillBuildingUITestsLaunchTests.swift; sourceTree = "<group>"; };
		0F4B160A2AB8D97600E137F7 /* SafariView.swift */ = {isa = PBXFileReference; lastKnownFileType = sourcecode.swift; path = SafariView.swift; sourceTree = "<group>"; };
		0F4B160E2AB8FD2C00E137F7 /* FrameworkTitleView.swift */ = {isa = PBXFileReference; lastKnownFileType = sourcecode.swift; path = FrameworkTitleView.swift; sourceTree = "<group>"; };
		0F4B16102AB8FD5F00E137F7 /* XDismissButton.swift */ = {isa = PBXFileReference; lastKnownFileType = sourcecode.swift; path = XDismissButton.swift; sourceTree = "<group>"; };
		0F588B262B0265BF005CD319 /* AppetizersListViewModel.swift */ = {isa = PBXFileReference; lastKnownFileType = sourcecode.swift; path = AppetizersListViewModel.swift; sourceTree = "<group>"; };
		0F588B2B2B0271EF005CD319 /* LoadingView.swift */ = {isa = PBXFileReference; lastKnownFileType = sourcecode.swift; path = LoadingView.swift; sourceTree = "<group>"; };
		0F588B2F2B027D67005CD319 /* RemoteImage.swift */ = {isa = PBXFileReference; lastKnownFileType = sourcecode.swift; path = RemoteImage.swift; sourceTree = "<group>"; };
		0F588B362B0299F9005CD319 /* AppetizerDetailView.swift */ = {isa = PBXFileReference; lastKnownFileType = sourcecode.swift; path = AppetizerDetailView.swift; sourceTree = "<group>"; };
		0F588B382B02B65A005CD319 /* APButton.swift */ = {isa = PBXFileReference; lastKnownFileType = sourcecode.swift; path = APButton.swift; sourceTree = "<group>"; };
		0F588B3A2B02B6E6005CD319 /* APDismissButton.swift */ = {isa = PBXFileReference; lastKnownFileType = sourcecode.swift; path = APDismissButton.swift; sourceTree = "<group>"; };
		0F588B3C2B02B7BA005CD319 /* APCaracteristic.swift */ = {isa = PBXFileReference; lastKnownFileType = sourcecode.swift; path = APCaracteristic.swift; sourceTree = "<group>"; };
		0F7D04252ADDC8D10076E24E /* Appetizer.swift */ = {isa = PBXFileReference; lastKnownFileType = sourcecode.swift; path = Appetizer.swift; sourceTree = "<group>"; };
		0F7D04272ADDCF580076E24E /* AppetizerListCell.swift */ = {isa = PBXFileReference; lastKnownFileType = sourcecode.swift; path = AppetizerListCell.swift; sourceTree = "<group>"; };
		0F7D04292ADEB3590076E24E /* NetworkManager.swift */ = {isa = PBXFileReference; lastKnownFileType = sourcecode.swift; path = NetworkManager.swift; sourceTree = "<group>"; };
		0F81ACB92AB3A74400C9C06F /* WeatherContentView.swift */ = {isa = PBXFileReference; lastKnownFileType = sourcecode.swift; path = WeatherContentView.swift; sourceTree = "<group>"; };
		0FCD73682AB9C8E3006E539A /* BarcodeScannerView.swift */ = {isa = PBXFileReference; lastKnownFileType = sourcecode.swift; path = BarcodeScannerView.swift; sourceTree = "<group>"; };
		0FCD736A2ABA13F2006E539A /* ScannerVC.swift */ = {isa = PBXFileReference; fileEncoding = 4; lastKnownFileType = sourcecode.swift; path = ScannerVC.swift; sourceTree = "<group>"; };
		0FCD736C2ABA1707006E539A /* ScannerView.swift */ = {isa = PBXFileReference; lastKnownFileType = sourcecode.swift; path = ScannerView.swift; sourceTree = "<group>"; };
		0FCD736F2ABA21AE006E539A /* AlertItem.swift */ = {isa = PBXFileReference; lastKnownFileType = sourcecode.swift; path = AlertItem.swift; sourceTree = "<group>"; };
		0FCD73712ABA2BC4006E539A /* BarcodeScannerViewModel.swift */ = {isa = PBXFileReference; lastKnownFileType = sourcecode.swift; path = BarcodeScannerViewModel.swift; sourceTree = "<group>"; };
		0FCD73742ABA30E2006E539A /* AppetizersTabView.swift */ = {isa = PBXFileReference; lastKnownFileType = sourcecode.swift; path = AppetizersTabView.swift; sourceTree = "<group>"; };
		0FCD73762ABA30FE006E539A /* AppetizersListView.swift */ = {isa = PBXFileReference; lastKnownFileType = sourcecode.swift; path = AppetizersListView.swift; sourceTree = "<group>"; };
		0FCD73782ABA3104006E539A /* AccountView.swift */ = {isa = PBXFileReference; lastKnownFileType = sourcecode.swift; path = AccountView.swift; sourceTree = "<group>"; };
		0FCD737A2ABA3115006E539A /* OrderView.swift */ = {isa = PBXFileReference; lastKnownFileType = sourcecode.swift; path = OrderView.swift; sourceTree = "<group>"; };
		0FF4D2AA2B04FF6E009F5125 /* AccountViewModel.swift */ = {isa = PBXFileReference; lastKnownFileType = sourcecode.swift; path = AccountViewModel.swift; sourceTree = "<group>"; };
		0FF4D2AC2B0500AD009F5125 /* String+Ext.swift */ = {isa = PBXFileReference; fileEncoding = 4; lastKnownFileType = sourcecode.swift; path = "String+Ext.swift"; sourceTree = "<group>"; };
		0FF4D2AE2B0508AA009F5125 /* User.swift */ = {isa = PBXFileReference; lastKnownFileType = sourcecode.swift; path = User.swift; sourceTree = "<group>"; };
		0FFC5EEA2AB5DC2A00423E51 /* Framework.swift */ = {isa = PBXFileReference; lastKnownFileType = sourcecode.swift; path = Framework.swift; sourceTree = "<group>"; };
		0FFC5EEC2AB5DD1C00423E51 /* FrameworkGridView.swift */ = {isa = PBXFileReference; lastKnownFileType = sourcecode.swift; path = FrameworkGridView.swift; sourceTree = "<group>"; };
		0FFC5EEE2AB6014D00423E51 /* FrameworkDetailView.swift */ = {isa = PBXFileReference; lastKnownFileType = sourcecode.swift; path = FrameworkDetailView.swift; sourceTree = "<group>"; };
		0FFC5EF02AB6031900423E51 /* AFButton.swift */ = {isa = PBXFileReference; lastKnownFileType = sourcecode.swift; path = AFButton.swift; sourceTree = "<group>"; };
		0FFC5EF22AB6067C00423E51 /* FrameworkGridViewModel.swift */ = {isa = PBXFileReference; lastKnownFileType = sourcecode.swift; path = FrameworkGridViewModel.swift; sourceTree = "<group>"; };
/* End PBXFileReference section */

/* Begin PBXFrameworksBuildPhase section */
		0F15605D2AB3413700404083 /* Frameworks */ = {
			isa = PBXFrameworksBuildPhase;
			buildActionMask = 2147483647;
			files = (
			);
			runOnlyForDeploymentPostprocessing = 0;
		};
		0F1560712AB3413900404083 /* Frameworks */ = {
			isa = PBXFrameworksBuildPhase;
			buildActionMask = 2147483647;
			files = (
			);
			runOnlyForDeploymentPostprocessing = 0;
		};
		0F15607B2AB3413900404083 /* Frameworks */ = {
			isa = PBXFrameworksBuildPhase;
			buildActionMask = 2147483647;
			files = (
			);
			runOnlyForDeploymentPostprocessing = 0;
		};
/* End PBXFrameworksBuildPhase section */

/* Begin PBXGroup section */
		0F1560572AB3413700404083 = {
			isa = PBXGroup;
			children = (
				0F1560622AB3413700404083 /* SkillBuilding */,
				0F1560772AB3413900404083 /* SkillBuildingTests */,
				0F1560812AB3413900404083 /* SkillBuildingUITests */,
				0F1560612AB3413700404083 /* Products */,
			);
			sourceTree = "<group>";
		};
		0F1560612AB3413700404083 /* Products */ = {
			isa = PBXGroup;
			children = (
				0F1560602AB3413700404083 /* SkillBuilding.app */,
				0F1560742AB3413900404083 /* SkillBuildingTests.xctest */,
				0F15607E2AB3413900404083 /* SkillBuildingUITests.xctest */,
			);
			name = Products;
			sourceTree = "<group>";
		};
		0F1560622AB3413700404083 /* SkillBuilding */ = {
			isa = PBXGroup;
			children = (
				0F1560632AB3413700404083 /* SkillBuildingApp.swift */,
				0FCD73732ABA30A7006E539A /* Appetizers */,
				0FCD73672AB9C89E006E539A /* BarcodeScanner */,
				0FFC5EE92AB5DC1900423E51 /* Frameworks */,
				0FFC5EE82AB5DC0A00423E51 /* Weather */,
				0FFC5EE72AB5DBF700423E51 /* Timestamps */,
				0F1560692AB3413900404083 /* Assets.xcassets */,
				0F15606B2AB3413900404083 /* SkillBuilding.entitlements */,
				0F15606F2AB3413900404083 /* Info.plist */,
				0F15606C2AB3413900404083 /* Preview Content */,
			);
			path = SkillBuilding;
			sourceTree = "<group>";
		};
		0F15606C2AB3413900404083 /* Preview Content */ = {
			isa = PBXGroup;
			children = (
				0F15606D2AB3413900404083 /* Preview Assets.xcassets */,
			);
			path = "Preview Content";
			sourceTree = "<group>";
		};
		0F1560772AB3413900404083 /* SkillBuildingTests */ = {
			isa = PBXGroup;
			children = (
				0F1560782AB3413900404083 /* SkillBuildingTests.swift */,
			);
			path = SkillBuildingTests;
			sourceTree = "<group>";
		};
		0F1560812AB3413900404083 /* SkillBuildingUITests */ = {
			isa = PBXGroup;
			children = (
				0F1560822AB3413900404083 /* SkillBuildingUITests.swift */,
				0F1560842AB3413900404083 /* SkillBuildingUITestsLaunchTests.swift */,
			);
			path = SkillBuildingUITests;
			sourceTree = "<group>";
		};
		0F4B16122AB8FEF400E137F7 /* Screens */ = {
			isa = PBXGroup;
			children = (
				0F4B16132AB8FF0100E137F7 /* FrameworkGrid */,
				0F4B16142AB8FF0B00E137F7 /* FrameworkDetail */,
			);
			path = Screens;
			sourceTree = "<group>";
		};
		0F4B16132AB8FF0100E137F7 /* FrameworkGrid */ = {
			isa = PBXGroup;
			children = (
				0FFC5EEC2AB5DD1C00423E51 /* FrameworkGridView.swift */,
				0FFC5EF22AB6067C00423E51 /* FrameworkGridViewModel.swift */,
			);
			path = FrameworkGrid;
			sourceTree = "<group>";
		};
		0F4B16142AB8FF0B00E137F7 /* FrameworkDetail */ = {
			isa = PBXGroup;
			children = (
				0FFC5EEE2AB6014D00423E51 /* FrameworkDetailView.swift */,
			);
			path = FrameworkDetail;
			sourceTree = "<group>";
		};
		0F4B16152AB8FF1600E137F7 /* Models */ = {
			isa = PBXGroup;
			children = (
				0FFC5EEA2AB5DC2A00423E51 /* Framework.swift */,
			);
			path = Models;
			sourceTree = "<group>";
		};
		0F4B16162AB8FF2200E137F7 /* Views */ = {
			isa = PBXGroup;
			children = (
				0F4B160E2AB8FD2C00E137F7 /* FrameworkTitleView.swift */,
				0F4B16102AB8FD5F00E137F7 /* XDismissButton.swift */,
				0FFC5EF02AB6031900423E51 /* AFButton.swift */,
			);
			path = Views;
			sourceTree = "<group>";
		};
		0F4B16172AB8FF3200E137F7 /* UIKit Components */ = {
			isa = PBXGroup;
			children = (
				0F4B160A2AB8D97600E137F7 /* SafariView.swift */,
			);
			path = "UIKit Components";
			sourceTree = "<group>";
		};
		0F588B312B02977D005CD319 /* List */ = {
			isa = PBXGroup;
			children = (
				0F588B262B0265BF005CD319 /* AppetizersListViewModel.swift */,
				0FCD73762ABA30FE006E539A /* AppetizersListView.swift */,
				0F7D04272ADDCF580076E24E /* AppetizerListCell.swift */,
				0F588B362B0299F9005CD319 /* AppetizerDetailView.swift */,
			);
			path = List;
			sourceTree = "<group>";
		};
		0F588B322B029783005CD319 /* Account */ = {
			isa = PBXGroup;
			children = (
				0FCD73782ABA3104006E539A /* AccountView.swift */,
				0FF4D2AA2B04FF6E009F5125 /* AccountViewModel.swift */,
			);
			path = Account;
			sourceTree = "<group>";
		};
		0F588B332B02978B005CD319 /* Order */ = {
			isa = PBXGroup;
			children = (
				0FCD737A2ABA3115006E539A /* OrderView.swift */,
			);
			path = Order;
			sourceTree = "<group>";
		};
		0F588B342B0297AA005CD319 /* Models */ = {
			isa = PBXGroup;
			children = (
				0F7D04252ADDC8D10076E24E /* Appetizer.swift */,
				0FF4D2AE2B0508AA009F5125 /* User.swift */,
			);
			path = Models;
			sourceTree = "<group>";
		};
		0FCD73672AB9C89E006E539A /* BarcodeScanner */ = {
			isa = PBXGroup;
			children = (
				0FCD73682AB9C8E3006E539A /* BarcodeScannerView.swift */,
				0FCD73712ABA2BC4006E539A /* BarcodeScannerViewModel.swift */,
				0FCD736A2ABA13F2006E539A /* ScannerVC.swift */,
				0FCD736C2ABA1707006E539A /* ScannerView.swift */,
			);
			path = BarcodeScanner;
			sourceTree = "<group>";
		};
		0FCD73732ABA30A7006E539A /* Appetizers */ = {
			isa = PBXGroup;
			children = (
				0F588B342B0297AA005CD319 /* Models */,
				0FF4D2B02B0508C1009F5125 /* Utilities */,
				0FF4D2B42B050903009F5125 /* Views */,
				0FF4D2B52B050944009F5125 /* Screens */,
			);
			path = Appetizers;
			sourceTree = "<group>";
		};
		0FF4D2B02B0508C1009F5125 /* Utilities */ = {
			isa = PBXGroup;
			children = (
				0FF4D2B12B0508CC009F5125 /* Alerts */,
				0FF4D2B32B0508E7009F5125 /* Extensions */,
				0FF4D2B22B0508D9009F5125 /* Managers */,
			);
			path = Utilities;
			sourceTree = "<group>";
		};
		0FF4D2B12B0508CC009F5125 /* Alerts */ = {
			isa = PBXGroup;
			children = (
				0FCD736F2ABA21AE006E539A /* AlertItem.swift */,
			);
			path = Alerts;
			sourceTree = "<group>";
		};
		0FF4D2B22B0508D9009F5125 /* Managers */ = {
			isa = PBXGroup;
			children = (
				0F7D04292ADEB3590076E24E /* NetworkManager.swift */,
			);
			path = Managers;
			sourceTree = "<group>";
		};
		0FF4D2B32B0508E7009F5125 /* Extensions */ = {
			isa = PBXGroup;
			children = (
				0FF4D2AC2B0500AD009F5125 /* String+Ext.swift */,
			);
			path = Extensions;
			sourceTree = "<group>";
		};
		0FF4D2B42B050903009F5125 /* Views */ = {
			isa = PBXGroup;
			children = (
				0F588B382B02B65A005CD319 /* APButton.swift */,
				0F588B3C2B02B7BA005CD319 /* APCaracteristic.swift */,
				0F588B3A2B02B6E6005CD319 /* APDismissButton.swift */,
				0F588B2B2B0271EF005CD319 /* LoadingView.swift */,
				0F588B2F2B027D67005CD319 /* RemoteImage.swift */,
			);
			path = Views;
			sourceTree = "<group>";
		};
		0FF4D2B52B050944009F5125 /* Screens */ = {
			isa = PBXGroup;
			children = (
				0FCD73742ABA30E2006E539A /* AppetizersTabView.swift */,
				0F588B312B02977D005CD319 /* List */,
				0F588B322B029783005CD319 /* Account */,
				0F588B332B02978B005CD319 /* Order */,
			);
			path = Screens;
			sourceTree = "<group>";
		};
		0FFC5EE72AB5DBF700423E51 /* Timestamps */ = {
			isa = PBXGroup;
			children = (
				0F1560652AB3413700404083 /* TimestampsContentView.swift */,
				0F1560672AB3413700404083 /* Item.swift */,
			);
			path = Timestamps;
			sourceTree = "<group>";
		};
		0FFC5EE82AB5DC0A00423E51 /* Weather */ = {
			isa = PBXGroup;
			children = (
				0F81ACB92AB3A74400C9C06F /* WeatherContentView.swift */,
			);
			path = Weather;
			sourceTree = "<group>";
		};
		0FFC5EE92AB5DC1900423E51 /* Frameworks */ = {
			isa = PBXGroup;
			children = (
				0F4B16152AB8FF1600E137F7 /* Models */,
				0F4B16122AB8FEF400E137F7 /* Screens */,
				0F4B16162AB8FF2200E137F7 /* Views */,
				0F4B16172AB8FF3200E137F7 /* UIKit Components */,
			);
			path = Frameworks;
			sourceTree = "<group>";
		};
/* End PBXGroup section */

/* Begin PBXNativeTarget section */
		0F15605F2AB3413700404083 /* SkillBuilding */ = {
			isa = PBXNativeTarget;
			buildConfigurationList = 0F1560882AB3413900404083 /* Build configuration list for PBXNativeTarget "SkillBuilding" */;
			buildPhases = (
				0F15605C2AB3413700404083 /* Sources */,
				0F15605D2AB3413700404083 /* Frameworks */,
				0F15605E2AB3413700404083 /* Resources */,
			);
			buildRules = (
			);
			dependencies = (
			);
			name = SkillBuilding;
			productName = SkillBuilding;
			productReference = 0F1560602AB3413700404083 /* SkillBuilding.app */;
			productType = "com.apple.product-type.application";
		};
		0F1560732AB3413900404083 /* SkillBuildingTests */ = {
			isa = PBXNativeTarget;
			buildConfigurationList = 0F15608B2AB3413900404083 /* Build configuration list for PBXNativeTarget "SkillBuildingTests" */;
			buildPhases = (
				0F1560702AB3413900404083 /* Sources */,
				0F1560712AB3413900404083 /* Frameworks */,
				0F1560722AB3413900404083 /* Resources */,
			);
			buildRules = (
			);
			dependencies = (
				0F1560762AB3413900404083 /* PBXTargetDependency */,
			);
			name = SkillBuildingTests;
			productName = SkillBuildingTests;
			productReference = 0F1560742AB3413900404083 /* SkillBuildingTests.xctest */;
			productType = "com.apple.product-type.bundle.unit-test";
		};
		0F15607D2AB3413900404083 /* SkillBuildingUITests */ = {
			isa = PBXNativeTarget;
			buildConfigurationList = 0F15608E2AB3413900404083 /* Build configuration list for PBXNativeTarget "SkillBuildingUITests" */;
			buildPhases = (
				0F15607A2AB3413900404083 /* Sources */,
				0F15607B2AB3413900404083 /* Frameworks */,
				0F15607C2AB3413900404083 /* Resources */,
			);
			buildRules = (
			);
			dependencies = (
				0F1560802AB3413900404083 /* PBXTargetDependency */,
			);
			name = SkillBuildingUITests;
			productName = SkillBuildingUITests;
			productReference = 0F15607E2AB3413900404083 /* SkillBuildingUITests.xctest */;
			productType = "com.apple.product-type.bundle.ui-testing";
		};
/* End PBXNativeTarget section */

/* Begin PBXProject section */
		0F1560582AB3413700404083 /* Project object */ = {
			isa = PBXProject;
			attributes = {
				BuildIndependentTargetsInParallel = 1;
				LastSwiftUpdateCheck = 1500;
				LastUpgradeCheck = 1500;
				TargetAttributes = {
					0F15605F2AB3413700404083 = {
						CreatedOnToolsVersion = 15.0;
					};
					0F1560732AB3413900404083 = {
						CreatedOnToolsVersion = 15.0;
						TestTargetID = 0F15605F2AB3413700404083;
					};
					0F15607D2AB3413900404083 = {
						CreatedOnToolsVersion = 15.0;
						TestTargetID = 0F15605F2AB3413700404083;
					};
				};
			};
			buildConfigurationList = 0F15605B2AB3413700404083 /* Build configuration list for PBXProject "SkillBuilding" */;
			compatibilityVersion = "Xcode 14.0";
			developmentRegion = en;
			hasScannedForEncodings = 0;
			knownRegions = (
				en,
				Base,
			);
			mainGroup = 0F1560572AB3413700404083;
			productRefGroup = 0F1560612AB3413700404083 /* Products */;
			projectDirPath = "";
			projectRoot = "";
			targets = (
				0F15605F2AB3413700404083 /* SkillBuilding */,
				0F1560732AB3413900404083 /* SkillBuildingTests */,
				0F15607D2AB3413900404083 /* SkillBuildingUITests */,
			);
		};
/* End PBXProject section */

/* Begin PBXResourcesBuildPhase section */
		0F15605E2AB3413700404083 /* Resources */ = {
			isa = PBXResourcesBuildPhase;
			buildActionMask = 2147483647;
			files = (
				0F15606E2AB3413900404083 /* Preview Assets.xcassets in Resources */,
				0F15606A2AB3413900404083 /* Assets.xcassets in Resources */,
			);
			runOnlyForDeploymentPostprocessing = 0;
		};
		0F1560722AB3413900404083 /* Resources */ = {
			isa = PBXResourcesBuildPhase;
			buildActionMask = 2147483647;
			files = (
			);
			runOnlyForDeploymentPostprocessing = 0;
		};
		0F15607C2AB3413900404083 /* Resources */ = {
			isa = PBXResourcesBuildPhase;
			buildActionMask = 2147483647;
			files = (
			);
			runOnlyForDeploymentPostprocessing = 0;
		};
/* End PBXResourcesBuildPhase section */

/* Begin PBXSourcesBuildPhase section */
		0F15605C2AB3413700404083 /* Sources */ = {
			isa = PBXSourcesBuildPhase;
			buildActionMask = 2147483647;
			files = (
				0F1560662AB3413700404083 /* TimestampsContentView.swift in Sources */,
				0FCD73792ABA3104006E539A /* AccountView.swift in Sources */,
				0FCD73752ABA30E2006E539A /* AppetizersTabView.swift in Sources */,
				0FCD73702ABA21AE006E539A /* AlertItem.swift in Sources */,
				0F1560682AB3413700404083 /* Item.swift in Sources */,
				0F81ACBA2AB3A74400C9C06F /* WeatherContentView.swift in Sources */,
				0F4B160F2AB8FD2C00E137F7 /* FrameworkTitleView.swift in Sources */,
				0FFC5EED2AB5DD1C00423E51 /* FrameworkGridView.swift in Sources */,
				0FCD736B2ABA13F2006E539A /* ScannerVC.swift in Sources */,
				0F4B160B2AB8D97600E137F7 /* SafariView.swift in Sources */,
				0FF4D2AB2B04FF6E009F5125 /* AccountViewModel.swift in Sources */,
				0F588B3D2B02B7BA005CD319 /* APCaracteristic.swift in Sources */,
				0F7D04282ADDCF580076E24E /* AppetizerListCell.swift in Sources */,
				0FFC5EF12AB6031900423E51 /* AFButton.swift in Sources */,
				0F7D042A2ADEB3590076E24E /* NetworkManager.swift in Sources */,
				0FFC5EF32AB6067C00423E51 /* FrameworkGridViewModel.swift in Sources */,
				0F588B392B02B65A005CD319 /* APButton.swift in Sources */,
				0F588B272B0265BF005CD319 /* AppetizersListViewModel.swift in Sources */,
				0F588B2C2B0271EF005CD319 /* LoadingView.swift in Sources */,
				0FCD736D2ABA1707006E539A /* ScannerView.swift in Sources */,
				0FCD73692AB9C8E3006E539A /* BarcodeScannerView.swift in Sources */,
				0FF4D2AD2B0500AD009F5125 /* String+Ext.swift in Sources */,
				0FCD73772ABA30FE006E539A /* AppetizersListView.swift in Sources */,
				0FFC5EEF2AB6014D00423E51 /* FrameworkDetailView.swift in Sources */,
				0FF4D2AF2B0508AA009F5125 /* User.swift in Sources */,
				0F7D04262ADDC8D10076E24E /* Appetizer.swift in Sources */,
				0FFC5EEB2AB5DC2A00423E51 /* Framework.swift in Sources */,
				0F588B372B0299F9005CD319 /* AppetizerDetailView.swift in Sources */,
				0F588B302B027D67005CD319 /* RemoteImage.swift in Sources */,
				0F1560642AB3413700404083 /* SkillBuildingApp.swift in Sources */,
				0FCD737B2ABA3115006E539A /* OrderView.swift in Sources */,
				0F4B16112AB8FD5F00E137F7 /* XDismissButton.swift in Sources */,
				0FCD73722ABA2BC4006E539A /* BarcodeScannerViewModel.swift in Sources */,
				0F588B3B2B02B6E6005CD319 /* APDismissButton.swift in Sources */,
			);
			runOnlyForDeploymentPostprocessing = 0;
		};
		0F1560702AB3413900404083 /* Sources */ = {
			isa = PBXSourcesBuildPhase;
			buildActionMask = 2147483647;
			files = (
				0F1560792AB3413900404083 /* SkillBuildingTests.swift in Sources */,
			);
			runOnlyForDeploymentPostprocessing = 0;
		};
		0F15607A2AB3413900404083 /* Sources */ = {
			isa = PBXSourcesBuildPhase;
			buildActionMask = 2147483647;
			files = (
				0F1560852AB3413900404083 /* SkillBuildingUITestsLaunchTests.swift in Sources */,
				0F1560832AB3413900404083 /* SkillBuildingUITests.swift in Sources */,
			);
			runOnlyForDeploymentPostprocessing = 0;
		};
/* End PBXSourcesBuildPhase section */

/* Begin PBXTargetDependency section */
		0F1560762AB3413900404083 /* PBXTargetDependency */ = {
			isa = PBXTargetDependency;
			target = 0F15605F2AB3413700404083 /* SkillBuilding */;
			targetProxy = 0F1560752AB3413900404083 /* PBXContainerItemProxy */;
		};
		0F1560802AB3413900404083 /* PBXTargetDependency */ = {
			isa = PBXTargetDependency;
			target = 0F15605F2AB3413700404083 /* SkillBuilding */;
			targetProxy = 0F15607F2AB3413900404083 /* PBXContainerItemProxy */;
		};
/* End PBXTargetDependency section */

/* Begin XCBuildConfiguration section */
		0F1560862AB3413900404083 /* Debug */ = {
			isa = XCBuildConfiguration;
			buildSettings = {
				ALWAYS_SEARCH_USER_PATHS = NO;
				ASSETCATALOG_COMPILER_GENERATE_SWIFT_ASSET_SYMBOL_EXTENSIONS = YES;
				CLANG_ANALYZER_NONNULL = YES;
				CLANG_ANALYZER_NUMBER_OBJECT_CONVERSION = YES_AGGRESSIVE;
				CLANG_CXX_LANGUAGE_STANDARD = "gnu++20";
				CLANG_ENABLE_MODULES = YES;
				CLANG_ENABLE_OBJC_ARC = YES;
				CLANG_ENABLE_OBJC_WEAK = YES;
				CLANG_WARN_BLOCK_CAPTURE_AUTORELEASING = YES;
				CLANG_WARN_BOOL_CONVERSION = YES;
				CLANG_WARN_COMMA = YES;
				CLANG_WARN_CONSTANT_CONVERSION = YES;
				CLANG_WARN_DEPRECATED_OBJC_IMPLEMENTATIONS = YES;
				CLANG_WARN_DIRECT_OBJC_ISA_USAGE = YES_ERROR;
				CLANG_WARN_DOCUMENTATION_COMMENTS = YES;
				CLANG_WARN_EMPTY_BODY = YES;
				CLANG_WARN_ENUM_CONVERSION = YES;
				CLANG_WARN_INFINITE_RECURSION = YES;
				CLANG_WARN_INT_CONVERSION = YES;
				CLANG_WARN_NON_LITERAL_NULL_CONVERSION = YES;
				CLANG_WARN_OBJC_IMPLICIT_RETAIN_SELF = YES;
				CLANG_WARN_OBJC_LITERAL_CONVERSION = YES;
				CLANG_WARN_OBJC_ROOT_CLASS = YES_ERROR;
				CLANG_WARN_QUOTED_INCLUDE_IN_FRAMEWORK_HEADER = YES;
				CLANG_WARN_RANGE_LOOP_ANALYSIS = YES;
				CLANG_WARN_STRICT_PROTOTYPES = YES;
				CLANG_WARN_SUSPICIOUS_MOVE = YES;
				CLANG_WARN_UNGUARDED_AVAILABILITY = YES_AGGRESSIVE;
				CLANG_WARN_UNREACHABLE_CODE = YES;
				CLANG_WARN__DUPLICATE_METHOD_MATCH = YES;
				COPY_PHASE_STRIP = NO;
				DEBUG_INFORMATION_FORMAT = dwarf;
				ENABLE_STRICT_OBJC_MSGSEND = YES;
				ENABLE_TESTABILITY = YES;
				ENABLE_USER_SCRIPT_SANDBOXING = YES;
				GCC_C_LANGUAGE_STANDARD = gnu17;
				GCC_DYNAMIC_NO_PIC = NO;
				GCC_NO_COMMON_BLOCKS = YES;
				GCC_OPTIMIZATION_LEVEL = 0;
				GCC_PREPROCESSOR_DEFINITIONS = (
					"DEBUG=1",
					"$(inherited)",
				);
				GCC_WARN_64_TO_32_BIT_CONVERSION = YES;
				GCC_WARN_ABOUT_RETURN_TYPE = YES_ERROR;
				GCC_WARN_UNDECLARED_SELECTOR = YES;
				GCC_WARN_UNINITIALIZED_AUTOS = YES_AGGRESSIVE;
				GCC_WARN_UNUSED_FUNCTION = YES;
				GCC_WARN_UNUSED_VARIABLE = YES;
				LOCALIZATION_PREFERS_STRING_CATALOGS = YES;
				MTL_ENABLE_DEBUG_INFO = INCLUDE_SOURCE;
				MTL_FAST_MATH = YES;
				ONLY_ACTIVE_ARCH = YES;
				SWIFT_ACTIVE_COMPILATION_CONDITIONS = "DEBUG $(inherited)";
				SWIFT_OPTIMIZATION_LEVEL = "-Onone";
			};
			name = Debug;
		};
		0F1560872AB3413900404083 /* Release */ = {
			isa = XCBuildConfiguration;
			buildSettings = {
				ALWAYS_SEARCH_USER_PATHS = NO;
				ASSETCATALOG_COMPILER_GENERATE_SWIFT_ASSET_SYMBOL_EXTENSIONS = YES;
				CLANG_ANALYZER_NONNULL = YES;
				CLANG_ANALYZER_NUMBER_OBJECT_CONVERSION = YES_AGGRESSIVE;
				CLANG_CXX_LANGUAGE_STANDARD = "gnu++20";
				CLANG_ENABLE_MODULES = YES;
				CLANG_ENABLE_OBJC_ARC = YES;
				CLANG_ENABLE_OBJC_WEAK = YES;
				CLANG_WARN_BLOCK_CAPTURE_AUTORELEASING = YES;
				CLANG_WARN_BOOL_CONVERSION = YES;
				CLANG_WARN_COMMA = YES;
				CLANG_WARN_CONSTANT_CONVERSION = YES;
				CLANG_WARN_DEPRECATED_OBJC_IMPLEMENTATIONS = YES;
				CLANG_WARN_DIRECT_OBJC_ISA_USAGE = YES_ERROR;
				CLANG_WARN_DOCUMENTATION_COMMENTS = YES;
				CLANG_WARN_EMPTY_BODY = YES;
				CLANG_WARN_ENUM_CONVERSION = YES;
				CLANG_WARN_INFINITE_RECURSION = YES;
				CLANG_WARN_INT_CONVERSION = YES;
				CLANG_WARN_NON_LITERAL_NULL_CONVERSION = YES;
				CLANG_WARN_OBJC_IMPLICIT_RETAIN_SELF = YES;
				CLANG_WARN_OBJC_LITERAL_CONVERSION = YES;
				CLANG_WARN_OBJC_ROOT_CLASS = YES_ERROR;
				CLANG_WARN_QUOTED_INCLUDE_IN_FRAMEWORK_HEADER = YES;
				CLANG_WARN_RANGE_LOOP_ANALYSIS = YES;
				CLANG_WARN_STRICT_PROTOTYPES = YES;
				CLANG_WARN_SUSPICIOUS_MOVE = YES;
				CLANG_WARN_UNGUARDED_AVAILABILITY = YES_AGGRESSIVE;
				CLANG_WARN_UNREACHABLE_CODE = YES;
				CLANG_WARN__DUPLICATE_METHOD_MATCH = YES;
				COPY_PHASE_STRIP = NO;
				DEBUG_INFORMATION_FORMAT = "dwarf-with-dsym";
				ENABLE_NS_ASSERTIONS = NO;
				ENABLE_STRICT_OBJC_MSGSEND = YES;
				ENABLE_USER_SCRIPT_SANDBOXING = YES;
				GCC_C_LANGUAGE_STANDARD = gnu17;
				GCC_NO_COMMON_BLOCKS = YES;
				GCC_WARN_64_TO_32_BIT_CONVERSION = YES;
				GCC_WARN_ABOUT_RETURN_TYPE = YES_ERROR;
				GCC_WARN_UNDECLARED_SELECTOR = YES;
				GCC_WARN_UNINITIALIZED_AUTOS = YES_AGGRESSIVE;
				GCC_WARN_UNUSED_FUNCTION = YES;
				GCC_WARN_UNUSED_VARIABLE = YES;
				LOCALIZATION_PREFERS_STRING_CATALOGS = YES;
				MTL_ENABLE_DEBUG_INFO = NO;
				MTL_FAST_MATH = YES;
				SWIFT_COMPILATION_MODE = wholemodule;
			};
			name = Release;
		};
		0F1560892AB3413900404083 /* Debug */ = {
			isa = XCBuildConfiguration;
			buildSettings = {
				ASSETCATALOG_COMPILER_APPICON_NAME = AppIcon;
				ASSETCATALOG_COMPILER_GLOBAL_ACCENT_COLOR_NAME = AccentColor;
				CODE_SIGN_ENTITLEMENTS = SkillBuilding/SkillBuilding.entitlements;
				CODE_SIGN_STYLE = Automatic;
				CURRENT_PROJECT_VERSION = 1;
				DEVELOPMENT_ASSET_PATHS = "\"SkillBuilding/Preview Content\"";
				DEVELOPMENT_TEAM = 655MUDB6RB;
				ENABLE_HARDENED_RUNTIME = YES;
				ENABLE_PREVIEWS = YES;
				GENERATE_INFOPLIST_FILE = YES;
				INFOPLIST_FILE = SkillBuilding/Info.plist;
				INFOPLIST_KEY_CFBundleDisplayName = SkillBuilding;
				INFOPLIST_KEY_LSApplicationCategoryType = "public.app-category.developer-tools";
				"INFOPLIST_KEY_UIApplicationSceneManifest_Generation[sdk=iphoneos*]" = YES;
				"INFOPLIST_KEY_UIApplicationSceneManifest_Generation[sdk=iphonesimulator*]" = YES;
				"INFOPLIST_KEY_UIApplicationSupportsIndirectInputEvents[sdk=iphoneos*]" = YES;
				"INFOPLIST_KEY_UIApplicationSupportsIndirectInputEvents[sdk=iphonesimulator*]" = YES;
				"INFOPLIST_KEY_UILaunchScreen_Generation[sdk=iphoneos*]" = YES;
				"INFOPLIST_KEY_UILaunchScreen_Generation[sdk=iphonesimulator*]" = YES;
				"INFOPLIST_KEY_UIStatusBarStyle[sdk=iphoneos*]" = UIStatusBarStyleDefault;
				"INFOPLIST_KEY_UIStatusBarStyle[sdk=iphonesimulator*]" = UIStatusBarStyleDefault;
				INFOPLIST_KEY_UISupportedInterfaceOrientations_iPad = "UIInterfaceOrientationPortrait UIInterfaceOrientationPortraitUpsideDown UIInterfaceOrientationLandscapeLeft UIInterfaceOrientationLandscapeRight";
				INFOPLIST_KEY_UISupportedInterfaceOrientations_iPhone = "UIInterfaceOrientationPortrait UIInterfaceOrientationLandscapeLeft UIInterfaceOrientationLandscapeRight";
				IPHONEOS_DEPLOYMENT_TARGET = 17.0;
				LD_RUNPATH_SEARCH_PATHS = "@executable_path/Frameworks";
				"LD_RUNPATH_SEARCH_PATHS[sdk=macosx*]" = "@executable_path/../Frameworks";
				MACOSX_DEPLOYMENT_TARGET = 14.0;
				MARKETING_VERSION = 1.0;
				PRODUCT_BUNDLE_IDENTIFIER = com.flambert.skillbuilding.SkillBuilding;
				PRODUCT_NAME = "$(TARGET_NAME)";
				SDKROOT = auto;
				SUPPORTED_PLATFORMS = "iphoneos iphonesimulator macosx";
				SWIFT_EMIT_LOC_STRINGS = YES;
				SWIFT_VERSION = 5.0;
				TARGETED_DEVICE_FAMILY = "1,2";
			};
			name = Debug;
		};
		0F15608A2AB3413900404083 /* Release */ = {
			isa = XCBuildConfiguration;
			buildSettings = {
				ASSETCATALOG_COMPILER_APPICON_NAME = AppIcon;
				ASSETCATALOG_COMPILER_GLOBAL_ACCENT_COLOR_NAME = AccentColor;
				CODE_SIGN_ENTITLEMENTS = SkillBuilding/SkillBuilding.entitlements;
				CODE_SIGN_STYLE = Automatic;
				CURRENT_PROJECT_VERSION = 1;
				DEVELOPMENT_ASSET_PATHS = "\"SkillBuilding/Preview Content\"";
				DEVELOPMENT_TEAM = 655MUDB6RB;
				ENABLE_HARDENED_RUNTIME = YES;
				ENABLE_PREVIEWS = YES;
				GENERATE_INFOPLIST_FILE = YES;
				INFOPLIST_FILE = SkillBuilding/Info.plist;
				INFOPLIST_KEY_CFBundleDisplayName = SkillBuilding;
				INFOPLIST_KEY_LSApplicationCategoryType = "public.app-category.developer-tools";
				"INFOPLIST_KEY_UIApplicationSceneManifest_Generation[sdk=iphoneos*]" = YES;
				"INFOPLIST_KEY_UIApplicationSceneManifest_Generation[sdk=iphonesimulator*]" = YES;
				"INFOPLIST_KEY_UIApplicationSupportsIndirectInputEvents[sdk=iphoneos*]" = YES;
				"INFOPLIST_KEY_UIApplicationSupportsIndirectInputEvents[sdk=iphonesimulator*]" = YES;
				"INFOPLIST_KEY_UILaunchScreen_Generation[sdk=iphoneos*]" = YES;
				"INFOPLIST_KEY_UILaunchScreen_Generation[sdk=iphonesimulator*]" = YES;
				"INFOPLIST_KEY_UIStatusBarStyle[sdk=iphoneos*]" = UIStatusBarStyleDefault;
				"INFOPLIST_KEY_UIStatusBarStyle[sdk=iphonesimulator*]" = UIStatusBarStyleDefault;
				INFOPLIST_KEY_UISupportedInterfaceOrientations_iPad = "UIInterfaceOrientationPortrait UIInterfaceOrientationPortraitUpsideDown UIInterfaceOrientationLandscapeLeft UIInterfaceOrientationLandscapeRight";
				INFOPLIST_KEY_UISupportedInterfaceOrientations_iPhone = "UIInterfaceOrientationPortrait UIInterfaceOrientationLandscapeLeft UIInterfaceOrientationLandscapeRight";
				IPHONEOS_DEPLOYMENT_TARGET = 17.0;
				LD_RUNPATH_SEARCH_PATHS = "@executable_path/Frameworks";
				"LD_RUNPATH_SEARCH_PATHS[sdk=macosx*]" = "@executable_path/../Frameworks";
				MACOSX_DEPLOYMENT_TARGET = 14.0;
				MARKETING_VERSION = 1.0;
				PRODUCT_BUNDLE_IDENTIFIER = com.flambert.skillbuilding.SkillBuilding;
				PRODUCT_NAME = "$(TARGET_NAME)";
				SDKROOT = auto;
				SUPPORTED_PLATFORMS = "iphoneos iphonesimulator macosx";
				SWIFT_EMIT_LOC_STRINGS = YES;
				SWIFT_VERSION = 5.0;
				TARGETED_DEVICE_FAMILY = "1,2";
			};
			name = Release;
		};
		0F15608C2AB3413900404083 /* Debug */ = {
			isa = XCBuildConfiguration;
			buildSettings = {
				ALWAYS_EMBED_SWIFT_STANDARD_LIBRARIES = YES;
				BUNDLE_LOADER = "$(TEST_HOST)";
				CODE_SIGN_STYLE = Automatic;
				CURRENT_PROJECT_VERSION = 1;
				DEVELOPMENT_TEAM = 655MUDB6RB;
				GENERATE_INFOPLIST_FILE = YES;
				IPHONEOS_DEPLOYMENT_TARGET = 17.0;
				MACOSX_DEPLOYMENT_TARGET = 13.5;
				MARKETING_VERSION = 1.0;
				PRODUCT_BUNDLE_IDENTIFIER = com.flambert.skillbuilding.SkillBuildingTests;
				PRODUCT_NAME = "$(TARGET_NAME)";
				SDKROOT = auto;
				SUPPORTED_PLATFORMS = "iphoneos iphonesimulator macosx";
				SWIFT_EMIT_LOC_STRINGS = NO;
				SWIFT_VERSION = 5.0;
				TARGETED_DEVICE_FAMILY = "1,2";
				TEST_HOST = "$(BUILT_PRODUCTS_DIR)/SkillBuilding.app/$(BUNDLE_EXECUTABLE_FOLDER_PATH)/SkillBuilding";
			};
			name = Debug;
		};
		0F15608D2AB3413900404083 /* Release */ = {
			isa = XCBuildConfiguration;
			buildSettings = {
				ALWAYS_EMBED_SWIFT_STANDARD_LIBRARIES = YES;
				BUNDLE_LOADER = "$(TEST_HOST)";
				CODE_SIGN_STYLE = Automatic;
				CURRENT_PROJECT_VERSION = 1;
				DEVELOPMENT_TEAM = 655MUDB6RB;
				GENERATE_INFOPLIST_FILE = YES;
				IPHONEOS_DEPLOYMENT_TARGET = 17.0;
				MACOSX_DEPLOYMENT_TARGET = 13.5;
				MARKETING_VERSION = 1.0;
				PRODUCT_BUNDLE_IDENTIFIER = com.flambert.skillbuilding.SkillBuildingTests;
				PRODUCT_NAME = "$(TARGET_NAME)";
				SDKROOT = auto;
				SUPPORTED_PLATFORMS = "iphoneos iphonesimulator macosx";
				SWIFT_EMIT_LOC_STRINGS = NO;
				SWIFT_VERSION = 5.0;
				TARGETED_DEVICE_FAMILY = "1,2";
				TEST_HOST = "$(BUILT_PRODUCTS_DIR)/SkillBuilding.app/$(BUNDLE_EXECUTABLE_FOLDER_PATH)/SkillBuilding";
			};
			name = Release;
		};
		0F15608F2AB3413900404083 /* Debug */ = {
			isa = XCBuildConfiguration;
			buildSettings = {
				ALWAYS_EMBED_SWIFT_STANDARD_LIBRARIES = YES;
				CODE_SIGN_STYLE = Automatic;
				CURRENT_PROJECT_VERSION = 1;
				DEVELOPMENT_TEAM = 655MUDB6RB;
				GENERATE_INFOPLIST_FILE = YES;
				IPHONEOS_DEPLOYMENT_TARGET = 17.0;
				MACOSX_DEPLOYMENT_TARGET = 13.5;
				MARKETING_VERSION = 1.0;
				PRODUCT_BUNDLE_IDENTIFIER = com.flambert.skillbuilding.SkillBuildingUITests;
				PRODUCT_NAME = "$(TARGET_NAME)";
				SDKROOT = auto;
				SUPPORTED_PLATFORMS = "iphoneos iphonesimulator macosx";
				SWIFT_EMIT_LOC_STRINGS = NO;
				SWIFT_VERSION = 5.0;
				TARGETED_DEVICE_FAMILY = "1,2";
				TEST_TARGET_NAME = SkillBuilding;
			};
			name = Debug;
		};
		0F1560902AB3413900404083 /* Release */ = {
			isa = XCBuildConfiguration;
			buildSettings = {
				ALWAYS_EMBED_SWIFT_STANDARD_LIBRARIES = YES;
				CODE_SIGN_STYLE = Automatic;
				CURRENT_PROJECT_VERSION = 1;
				DEVELOPMENT_TEAM = 655MUDB6RB;
				GENERATE_INFOPLIST_FILE = YES;
				IPHONEOS_DEPLOYMENT_TARGET = 17.0;
				MACOSX_DEPLOYMENT_TARGET = 13.5;
				MARKETING_VERSION = 1.0;
				PRODUCT_BUNDLE_IDENTIFIER = com.flambert.skillbuilding.SkillBuildingUITests;
				PRODUCT_NAME = "$(TARGET_NAME)";
				SDKROOT = auto;
				SUPPORTED_PLATFORMS = "iphoneos iphonesimulator macosx";
				SWIFT_EMIT_LOC_STRINGS = NO;
				SWIFT_VERSION = 5.0;
				TARGETED_DEVICE_FAMILY = "1,2";
				TEST_TARGET_NAME = SkillBuilding;
			};
			name = Release;
		};
/* End XCBuildConfiguration section */

/* Begin XCConfigurationList section */
		0F15605B2AB3413700404083 /* Build configuration list for PBXProject "SkillBuilding" */ = {
			isa = XCConfigurationList;
			buildConfigurations = (
				0F1560862AB3413900404083 /* Debug */,
				0F1560872AB3413900404083 /* Release */,
			);
			defaultConfigurationIsVisible = 0;
			defaultConfigurationName = Release;
		};
		0F1560882AB3413900404083 /* Build configuration list for PBXNativeTarget "SkillBuilding" */ = {
			isa = XCConfigurationList;
			buildConfigurations = (
				0F1560892AB3413900404083 /* Debug */,
				0F15608A2AB3413900404083 /* Release */,
			);
			defaultConfigurationIsVisible = 0;
			defaultConfigurationName = Release;
		};
		0F15608B2AB3413900404083 /* Build configuration list for PBXNativeTarget "SkillBuildingTests" */ = {
			isa = XCConfigurationList;
			buildConfigurations = (
				0F15608C2AB3413900404083 /* Debug */,
				0F15608D2AB3413900404083 /* Release */,
			);
			defaultConfigurationIsVisible = 0;
			defaultConfigurationName = Release;
		};
		0F15608E2AB3413900404083 /* Build configuration list for PBXNativeTarget "SkillBuildingUITests" */ = {
			isa = XCConfigurationList;
			buildConfigurations = (
				0F15608F2AB3413900404083 /* Debug */,
				0F1560902AB3413900404083 /* Release */,
			);
			defaultConfigurationIsVisible = 0;
			defaultConfigurationName = Release;
		};
/* End XCConfigurationList section */
	};
	rootObject = 0F1560582AB3413700404083 /* Project object */;
}
